
Microsoft Visual Studio Solution File, Format Version 12.00
# Visual Studio Version 17
VisualStudioVersion = 17.7.34031.279
MinimumVisualStudioVersion = 10.0.40219.1
Project("{9A19103F-16F7-4668-BE54-9A1E7A4F7556}") = "OrdersManagement", "OrdersManagement.csproj", "{944BEAEC-2DA0-4DB3-BA39-E434EE302BA9}"
EndProject
Global
	GlobalSection(SolutionConfigurationPlatforms) = preSolution
		Debug|Any CPU = Debug|Any CPU
		Release|Any CPU = Release|Any CPU
	EndGlobalSection
	GlobalSection(ProjectConfigurationPlatforms) = postSolution
		{944BEAEC-2DA0-4DB3-BA39-E434EE302BA9}.Debug|Any CPU.ActiveCfg = Debug|Any CPU
		{944BEAEC-2DA0-4DB3-BA39-E434EE302BA9}.Debug|Any CPU.Build.0 = Debug|Any CPU
		{944BEAEC-2DA0-4DB3-BA39-E434EE302BA9}.Release|Any CPU.ActiveCfg = Release|Any CPU
		{944BEAEC-2DA0-4DB3-BA39-E434EE302BA9}.Release|Any CPU.Build.0 = Release|Any CPU
	EndGlobalSection
	GlobalSection(SolutionProperties) = preSolution
		HideSolutionNode = FALSE
	EndGlobalSection
	GlobalSection(ExtensibilityGlobals) = postSolution
		SolutionGuid = {DF999B91-8EF2-4C92-9D99-50C7B3CFC087}
	EndGlobalSection
EndGlobal
